
Microsoft Visual Studio Solution File, Format Version 12.00
# Visual Studio 15
VisualStudioVersion = 15.0.28307.1169
MinimumVisualStudioVersion = 10.0.40219.1
Project("{FAE04EC0-301F-11D3-BF4B-00C04F79EFBC}") = "NodeAddingPractice", "NodeAddingPractice\NodeAddingPractice.csproj", "{61A366E7-212B-47E1-864E-71EF10E6C749}"
EndProject
Global
	GlobalSection(SolutionConfigurationPlatforms) = preSolution
		Debug|Any CPU = Debug|Any CPU
		Release|Any CPU = Release|Any CPU
	EndGlobalSection
	GlobalSection(ProjectConfigurationPlatforms) = postSolution
		{61A366E7-212B-47E1-864E-71EF10E6C749}.Debug|Any CPU.ActiveCfg = Debug|Any CPU
		{61A366E7-212B-47E1-864E-71EF10E6C749}.Debug|Any CPU.Build.0 = Debug|Any CPU
		{61A366E7-212B-47E1-864E-71EF10E6C749}.Release|Any CPU.ActiveCfg = Release|Any CPU
		{61A366E7-212B-47E1-864E-71EF10E6C749}.Release|Any CPU.Build.0 = Release|Any CPU
	EndGlobalSection
	GlobalSection(SolutionProperties) = preSolution
		HideSolutionNode = FALSE
	EndGlobalSection
	GlobalSection(ExtensibilityGlobals) = postSolution
		SolutionGuid = {2D43F6B3-584D-4B7C-92A8-FBC9F9AC3B8F}
	EndGlobalSection
EndGlobal
